// !$*UTF8*$!
{
	archiveVersion = 1;
	classes = {
	};
	objectVersion = 46;
	objects = {

/* Begin PBXBuildFile section */
		C88290FC1FFCB01E0066627A /* AppDelegate.swift in Sources */ = {isa = PBXBuildFile; fileRef = C88290FB1FFCB01E0066627A /* AppDelegate.swift */; };
		C88290FE1FFCB01E0066627A /* ViewController.swift in Sources */ = {isa = PBXBuildFile; fileRef = C88290FD1FFCB01E0066627A /* ViewController.swift */; };
		C88291011FFCB01E0066627A /* Main.storyboard in Resources */ = {isa = PBXBuildFile; fileRef = C88290FF1FFCB01E0066627A /* Main.storyboard */; };
		C88291031FFCB01E0066627A /* Assets.xcassets in Resources */ = {isa = PBXBuildFile; fileRef = C88291021FFCB01E0066627A /* Assets.xcassets */; };
		C88291061FFCB01E0066627A /* LaunchScreen.storyboard in Resources */ = {isa = PBXBuildFile; fileRef = C88291041FFCB01E0066627A /* LaunchScreen.storyboard */; };
/* End PBXBuildFile section */

/* Begin PBXFileReference section */
		C88290F81FFCB01E0066627A /* ViewPresentation.app */ = {isa = PBXFileReference; explicitFileType = wrapper.application; includeInIndex = 0; path = ViewPresentation.app; sourceTree = BUILT_PRODUCTS_DIR; };
		C88290FB1FFCB01E0066627A /* AppDelegate.swift */ = {isa = PBXFileReference; lastKnownFileType = sourcecode.swift; path = AppDelegate.swift; sourceTree = "<group>"; };
		C88290FD1FFCB01E0066627A /* ViewController.swift */ = {isa = PBXFileReference; lastKnownFileType = sourcecode.swift; path = ViewController.swift; sourceTree = "<group>"; };
		C88291001FFCB01E0066627A /* Base */ = {isa = PBXFileReference; lastKnownFileType = file.storyboard; name = Base; path = Base.lproj/Main.storyboard; sourceTree = "<group>"; };
		C88291021FFCB01E0066627A /* Assets.xcassets */ = {isa = PBXFileReference; lastKnownFileType = folder.assetcatalog; path = Assets.xcassets; sourceTree = "<group>"; };
		C88291051FFCB01E0066627A /* Base */ = {isa = PBXFileReference; lastKnownFileType = file.storyboard; name = Base; path = Base.lproj/LaunchScreen.storyboard; sourceTree = "<group>"; };
		C88291071FFCB01E0066627A /* Info.plist */ = {isa = PBXFileReference; lastKnownFileType = text.plist.xml; path = Info.plist; sourceTree = "<group>"; };
/* End PBXFileReference section */

/* Begin PBXFrameworksBuildPhase section */
		C88290F51FFCB01E0066627A /* Frameworks */ = {
			isa = PBXFrameworksBuildPhase;
			buildActionMask = 2147483647;
			files = (
			);
			runOnlyForDeploymentPostprocessing = 0;
		};
/* End PBXFrameworksBuildPhase section */

/* Begin PBXGroup section */
		C88290EF1FFCB01E0066627A = {
			isa = PBXGroup;
			children = (
				C88290FA1FFCB01E0066627A /* ViewPresentation */,
				C88290F91FFCB01E0066627A /* Products */,
			);
			sourceTree = "<group>";
		};
		C88290F91FFCB01E0066627A /* Products */ = {
			isa = PBXGroup;
			children = (
				C88290F81FFCB01E0066627A /* ViewPresentation.app */,
			);
			name = Products;
			sourceTree = "<group>";
		};
		C88290FA1FFCB01E0066627A /* ViewPresentation */ = {
			isa = PBXGroup;
			children = (
				C88290FB1FFCB01E0066627A /* AppDelegate.swift */,
				C88290FD1FFCB01E0066627A /* ViewController.swift */,
				C88290FF1FFCB01E0066627A /* Main.storyboard */,
				C88291021FFCB01E0066627A /* Assets.xcassets */,
				C88291041FFCB01E0066627A /* LaunchScreen.storyboard */,
				C88291071FFCB01E0066627A /* Info.plist */,
			);
			path = ViewPresentation;
			sourceTree = "<group>";
		};
/* End PBXGroup section */

/* Begin PBXNativeTarget section */
		C88290F71FFCB01E0066627A /* ViewPresentation */ = {
			isa = PBXNativeTarget;
			buildConfigurationList = C882910A1FFCB01E0066627A /* Build configuration list for PBXNativeTarget "ViewPresentation" */;
			buildPhases = (
				C88290F41FFCB01E0066627A /* Sources */,
				C88290F51FFCB01E0066627A /* Frameworks */,
				C88290F61FFCB01E0066627A /* Resources */,
			);
			buildRules = (
			);
			dependencies = (
			);
			name = ViewPresentation;
			productName = ViewPresentation;
			productReference = C88290F81FFCB01E0066627A /* ViewPresentation.app */;
			productType = "com.apple.product-type.application";
		};
/* End PBXNativeTarget section */

/* Begin PBXProject section */
		C88290F01FFCB01E0066627A /* Project object */ = {
			isa = PBXProject;
			attributes = {
				LastSwiftUpdateCheck = 0830;
				LastUpgradeCheck = 0830;
				ORGANIZATIONNAME = Kawnayeen;
				TargetAttributes = {
					C88290F71FFCB01E0066627A = {
						CreatedOnToolsVersion = 8.3.1;
						ProvisioningStyle = Automatic;
					};
				};
			};
			buildConfigurationList = C88290F31FFCB01E0066627A /* Build configuration list for PBXProject "ViewPresentation" */;
			compatibilityVersion = "Xcode 3.2";
			developmentRegion = English;
			hasScannedForEncodings = 0;
			knownRegions = (
				en,
				Base,
			);
			mainGroup = C88290EF1FFCB01E0066627A;
			productRefGroup = C88290F91FFCB01E0066627A /* Products */;
			projectDirPath = "";
			projectRoot = "";
			targets = (
				C88290F71FFCB01E0066627A /* ViewPresentation */,
			);
		};
/* End PBXProject section */

/* Begin PBXResourcesBuildPhase section */
		C88290F61FFCB01E0066627A /* Resources */ = {
			isa = PBXResourcesBuildPhase;
			buildActionMask = 2147483647;
			files = (
				C88291061FFCB01E0066627A /* LaunchScreen.storyboard in Resources */,
				C88291031FFCB01E0066627A /* Assets.xcassets in Resources */,
				C88291011FFCB01E0066627A /* Main.storyboard in Resources */,
			);
			runOnlyForDeploymentPostprocessing = 0;
		};
/* End PBXResourcesBuildPhase section */

/* Begin PBXSourcesBuildPhase section */
		C88290F41FFCB01E0066627A /* Sources */ = {
			isa = PBXSourcesBuildPhase;
			buildActionMask = 2147483647;
			files = (
				C88290FE1FFCB01E0066627A /* ViewController.swift in Sources */,
				C88290FC1FFCB01E0066627A /* AppDelegate.swift in Sources */,
			);
			runOnlyForDeploymentPostprocessing = 0;
		};
/* End PBXSourcesBuildPhase section */

/* Begin PBXVariantGroup section */
		C88290FF1FFCB01E0066627A /* Main.storyboard */ = {
			isa = PBXVariantGroup;
			children = (
				C88291001FFCB01E0066627A /* Base */,
			);
			name = Main.storyboard;
			sourceTree = "<group>";
		};
		C88291041FFCB01E0066627A /* LaunchScreen.storyboard */ = {
			isa = PBXVariantGroup;
			children = (
				C88291051FFCB01E0066627A /* Base */,
			);
			name = LaunchScreen.storyboard;
			sourceTree = "<group>";
		};
/* End PBXVariantGroup section */

/* Begin XCBuildConfiguration section */
		C88291081FFCB01E0066627A /* Debug */ = {
			isa = XCBuildConfiguration;
			buildSettings = {
				ALWAYS_SEARCH_USER_PATHS = NO;
				CLANG_ANALYZER_NONNULL = YES;
				CLANG_ANALYZER_NUMBER_OBJECT_CONVERSION = YES_AGGRESSIVE;
				CLANG_CXX_LANGUAGE_STANDARD = "gnu++0x";
				CLANG_CXX_LIBRARY = "libc++";
				CLANG_ENABLE_MODULES = YES;
				CLANG_ENABLE_OBJC_ARC = YES;
				CLANG_WARN_BOOL_CONVERSION = YES;
				CLANG_WARN_CONSTANT_CONVERSION = YES;
				CLANG_WARN_DIRECT_OBJC_ISA_USAGE = YES_ERROR;
				CLANG_WARN_DOCUMENTATION_COMMENTS = YES;
				CLANG_WARN_EMPTY_BODY = YES;
				CLANG_WARN_ENUM_CONVERSION = YES;
				CLANG_WARN_INFINITE_RECURSION = YES;
				CLANG_WARN_INT_CONVERSION = YES;
				CLANG_WARN_OBJC_ROOT_CLASS = YES_ERROR;
				CLANG_WARN_SUSPICIOUS_MOVE = YES;
				CLANG_WARN_UNREACHABLE_CODE = YES;
				CLANG_WARN__DUPLICATE_METHOD_MATCH = YES;
				"CODE_SIGN_IDENTITY[sdk=iphoneos*]" = "iPhone Developer";
				COPY_PHASE_STRIP = NO;
				DEBUG_INFORMATION_FORMAT = dwarf;
				ENABLE_STRICT_OBJC_MSGSEND = YES;
				ENABLE_TESTABILITY = YES;
				GCC_C_LANGUAGE_STANDARD = gnu99;
				GCC_DYNAMIC_NO_PIC = NO;
				GCC_NO_COMMON_BLOCKS = YES;
				GCC_OPTIMIZATION_LEVEL = 0;
				GCC_PREPROCESSOR_DEFINITIONS = (
					"DEBUG=1",
					"$(inherited)",
				);
				GCC_WARN_64_TO_32_BIT_CONVERSION = YES;
				GCC_WARN_ABOUT_RETURN_TYPE = YES_ERROR;
				GCC_WARN_UNDECLARED_SELECTOR = YES;
				GCC_WARN_UNINITIALIZED_AUTOS = YES_AGGRESSIVE;
				GCC_WARN_UNUSED_FUNCTION = YES;
				GCC_WARN_UNUSED_VARIABLE = YES;
				IPHONEOS_DEPLOYMENT_TARGET = 10.3;
				MTL_ENABLE_DEBUG_INFO = YES;
				ONLY_ACTIVE_ARCH = YES;
				SDKROOT = iphoneos;
				SWIFT_ACTIVE_COMPILATION_CONDITIONS = DEBUG;
				SWIFT_OPTIMIZATION_LEVEL = "-Onone";
				TARGETED_DEVICE_FAMILY = "1,2";
			};
			name = Debug;
		};
		C88291091FFCB01E0066627A /* Release */ = {
			isa = XCBuildConfiguration;
			buildSettings = {
				ALWAYS_SEARCH_USER_PATHS = NO;
				CLANG_ANALYZER_NONNULL = YES;
				CLANG_ANALYZER_NUMBER_OBJECT_CONVERSION = YES_AGGRESSIVE;
				CLANG_CXX_LANGUAGE_STANDARD = "gnu++0x";
				CLANG_CXX_LIBRARY = "libc++";
				CLANG_ENABLE_MODULES = YES;
				CLANG_ENABLE_OBJC_ARC = YES;
				CLANG_WARN_BOOL_CONVERSION = YES;
				CLANG_WARN_CONSTANT_CONVERSION = YES;
				CLANG_WARN_DIRECT_OBJC_ISA_USAGE = YES_ERROR;
				CLANG_WARN_DOCUMENTATION_COMMENTS = YES;
				CLANG_WARN_EMPTY_BODY = YES;
				CLANG_WARN_ENUM_CONVERSION = YES;
				CLANG_WARN_INFINITE_RECURSION = YES;
				CLANG_WARN_INT_CONVERSION = YES;
				CLANG_WARN_OBJC_ROOT_CLASS = YES_ERROR;
				CLANG_WARN_SUSPICIOUS_MOVE = YES;
				CLANG_WARN_UNREACHABLE_CODE = YES;
				CLANG_WARN__DUPLICATE_METHOD_MATCH = YES;
				"CODE_SIGN_IDENTITY[sdk=iphoneos*]" = "iPhone Developer";
				COPY_PHASE_STRIP = NO;
				DEBUG_INFORMATION_FORMAT = "dwarf-with-dsym";
				ENABLE_NS_ASSERTIONS = NO;
				ENABLE_STRICT_OBJC_MSGSEND = YES;
				GCC_C_LANGUAGE_STANDARD = gnu99;
				GCC_NO_COMMON_BLOCKS = YES;
				GCC_WARN_64_TO_32_BIT_CONVERSION = YES;
				GCC_WARN_ABOUT_RETURN_TYPE = YES_ERROR;
				GCC_WARN_UNDECLARED_SELECTOR = YES;
				GCC_WARN_UNINITIALIZED_AUTOS = YES_AGGRESSIVE;
				GCC_WARN_UNUSED_FUNCTION = YES;
				GCC_WARN_UNUSED_VARIABLE = YES;
				IPHONEOS_DEPLOYMENT_TARGET = 10.3;
				MTL_ENABLE_DEBUG_INFO = NO;
				SDKROOT = iphoneos;
				SWIFT_OPTIMIZATION_LEVEL = "-Owholemodule";
				TARGETED_DEVICE_FAMILY = "1,2";
				VALIDATE_PRODUCT = YES;
			};
			name = Release;
		};
		C882910B1FFCB01E0066627A /* Debug */ = {
			isa = XCBuildConfiguration;
			buildSettings = {
				ASSETCATALOG_COMPILER_APPICON_NAME = AppIcon;
				INFOPLIST_FILE = ViewPresentation/Info.plist;
				LD_RUNPATH_SEARCH_PATHS = "$(inherited) @executable_path/Frameworks";
				PRODUCT_BUNDLE_IDENTIFIER = kawnayeen.cs193p.ViewPresentation;
				PRODUCT_NAME = "$(TARGET_NAME)";
				SWIFT_VERSION = 3.0;
			};
			name = Debug;
		};
		C882910C1FFCB01E0066627A /* Release */ = {
			isa = XCBuildConfiguration;
			buildSettings = {
				ASSETCATALOG_COMPILER_APPICON_NAME = AppIcon;
				INFOPLIST_FILE = ViewPresentation/Info.plist;
				LD_RUNPATH_SEARCH_PATHS = "$(inherited) @executable_path/Frameworks";
				PRODUCT_BUNDLE_IDENTIFIER = kawnayeen.cs193p.ViewPresentation;
				PRODUCT_NAME = "$(TARGET_NAME)";
				SWIFT_VERSION = 3.0;
			};
			name = Release;
		};
/* End XCBuildConfiguration section */

/* Begin XCConfigurationList section */
		C88290F31FFCB01E0066627A /* Build configuration list for PBXProject "ViewPresentation" */ = {
			isa = XCConfigurationList;
			buildConfigurations = (
				C88291081FFCB01E0066627A /* Debug */,
				C88291091FFCB01E0066627A /* Release */,
			);
			defaultConfigurationIsVisible = 0;
			defaultConfigurationName = Release;
		};
		C882910A1FFCB01E0066627A /* Build configuration list for PBXNativeTarget "ViewPresentation" */ = {
			isa = XCConfigurationList;
			buildConfigurations = (
				C882910B1FFCB01E0066627A /* Debug */,
				C882910C1FFCB01E0066627A /* Release */,
			);
			defaultConfigurationIsVisible = 0;
		};
/* End XCConfigurationList section */
	};
	rootObject = C88290F01FFCB01E0066627A /* Project object */;
}
