// !$*UTF8*$!
{
	archiveVersion = 1;
	classes = {
	};
	objectVersion = 46;
	objects = {

/* Begin PBXBuildFile section */
		C8A6BA1E1FF64DBF001F967A /* AppDelegate.swift in Sources */ = {isa = PBXBuildFile; fileRef = C8A6BA1D1FF64DBF001F967A /* AppDelegate.swift */; };
		C8A6BA201FF64DBF001F967A /* RecordSoundViewController.swift in Sources */ = {isa = PBXBuildFile; fileRef = C8A6BA1F1FF64DBF001F967A /* RecordSoundViewController.swift */; };
		C8A6BA231FF64DBF001F967A /* Main.storyboard in Resources */ = {isa = PBXBuildFile; fileRef = C8A6BA211FF64DBF001F967A /* Main.storyboard */; };
		C8A6BA251FF64DBF001F967A /* Assets.xcassets in Resources */ = {isa = PBXBuildFile; fileRef = C8A6BA241FF64DBF001F967A /* Assets.xcassets */; };
		C8A6BA281FF64DBF001F967A /* LaunchScreen.storyboard in Resources */ = {isa = PBXBuildFile; fileRef = C8A6BA261FF64DBF001F967A /* LaunchScreen.storyboard */; };
		C8B7A0791FFA0AC5003BE889 /* PlaySoundViewController.swift in Sources */ = {isa = PBXBuildFile; fileRef = C8B7A0781FFA0AC5003BE889 /* PlaySoundViewController.swift */; };
		C8B7A07B1FFA427A003BE889 /* PlaySoundExtension.swift in Sources */ = {isa = PBXBuildFile; fileRef = C8B7A07A1FFA427A003BE889 /* PlaySoundExtension.swift */; };
/* End PBXBuildFile section */

/* Begin PBXFileReference section */
		C8A6BA1A1FF64DBF001F967A /* PitchPerfect.app */ = {isa = PBXFileReference; explicitFileType = wrapper.application; includeInIndex = 0; path = PitchPerfect.app; sourceTree = BUILT_PRODUCTS_DIR; };
		C8A6BA1D1FF64DBF001F967A /* AppDelegate.swift */ = {isa = PBXFileReference; lastKnownFileType = sourcecode.swift; path = AppDelegate.swift; sourceTree = "<group>"; };
		C8A6BA1F1FF64DBF001F967A /* RecordSoundViewController.swift */ = {isa = PBXFileReference; lastKnownFileType = sourcecode.swift; path = RecordSoundViewController.swift; sourceTree = "<group>"; };
		C8A6BA221FF64DBF001F967A /* Base */ = {isa = PBXFileReference; lastKnownFileType = file.storyboard; name = Base; path = Base.lproj/Main.storyboard; sourceTree = "<group>"; };
		C8A6BA241FF64DBF001F967A /* Assets.xcassets */ = {isa = PBXFileReference; lastKnownFileType = folder.assetcatalog; path = Assets.xcassets; sourceTree = "<group>"; };
		C8A6BA271FF64DBF001F967A /* Base */ = {isa = PBXFileReference; lastKnownFileType = file.storyboard; name = Base; path = Base.lproj/LaunchScreen.storyboard; sourceTree = "<group>"; };
		C8A6BA291FF64DBF001F967A /* Info.plist */ = {isa = PBXFileReference; lastKnownFileType = text.plist.xml; path = Info.plist; sourceTree = "<group>"; };
		C8B7A0781FFA0AC5003BE889 /* PlaySoundViewController.swift */ = {isa = PBXFileReference; fileEncoding = 4; lastKnownFileType = sourcecode.swift; path = PlaySoundViewController.swift; sourceTree = "<group>"; };
		C8B7A07A1FFA427A003BE889 /* PlaySoundExtension.swift */ = {isa = PBXFileReference; fileEncoding = 4; lastKnownFileType = sourcecode.swift; name = PlaySoundExtension.swift; path = ../PlaySoundExtension.swift; sourceTree = "<group>"; };
/* End PBXFileReference section */

/* Begin PBXFrameworksBuildPhase section */
		C8A6BA171FF64DBF001F967A /* Frameworks */ = {
			isa = PBXFrameworksBuildPhase;
			buildActionMask = 2147483647;
			files = (
			);
			runOnlyForDeploymentPostprocessing = 0;
		};
/* End PBXFrameworksBuildPhase section */

/* Begin PBXGroup section */
		C8A6BA111FF64DBF001F967A = {
			isa = PBXGroup;
			children = (
				C8A6BA1C1FF64DBF001F967A /* PitchPerfect */,
				C8A6BA1B1FF64DBF001F967A /* Products */,
			);
			sourceTree = "<group>";
		};
		C8A6BA1B1FF64DBF001F967A /* Products */ = {
			isa = PBXGroup;
			children = (
				C8A6BA1A1FF64DBF001F967A /* PitchPerfect.app */,
			);
			name = Products;
			sourceTree = "<group>";
		};
		C8A6BA1C1FF64DBF001F967A /* PitchPerfect */ = {
			isa = PBXGroup;
			children = (
				C8B7A07A1FFA427A003BE889 /* PlaySoundExtension.swift */,
				C8A6BA1D1FF64DBF001F967A /* AppDelegate.swift */,
				C8A6BA1F1FF64DBF001F967A /* RecordSoundViewController.swift */,
				C8A6BA211FF64DBF001F967A /* Main.storyboard */,
				C8A6BA241FF64DBF001F967A /* Assets.xcassets */,
				C8A6BA261FF64DBF001F967A /* LaunchScreen.storyboard */,
				C8A6BA291FF64DBF001F967A /* Info.plist */,
				C8B7A0781FFA0AC5003BE889 /* PlaySoundViewController.swift */,
			);
			path = PitchPerfect;
			sourceTree = "<group>";
		};
/* End PBXGroup section */

/* Begin PBXNativeTarget section */
		C8A6BA191FF64DBF001F967A /* PitchPerfect */ = {
			isa = PBXNativeTarget;
			buildConfigurationList = C8A6BA2C1FF64DBF001F967A /* Build configuration list for PBXNativeTarget "PitchPerfect" */;
			buildPhases = (
				C8A6BA161FF64DBF001F967A /* Sources */,
				C8A6BA171FF64DBF001F967A /* Frameworks */,
				C8A6BA181FF64DBF001F967A /* Resources */,
			);
			buildRules = (
			);
			dependencies = (
			);
			name = PitchPerfect;
			productName = PitchPerfect;
			productReference = C8A6BA1A1FF64DBF001F967A /* PitchPerfect.app */;
			productType = "com.apple.product-type.application";
		};
/* End PBXNativeTarget section */

/* Begin PBXProject section */
		C8A6BA121FF64DBF001F967A /* Project object */ = {
			isa = PBXProject;
			attributes = {
				LastSwiftUpdateCheck = 0830;
				LastUpgradeCheck = 0830;
				ORGANIZATIONNAME = Kawnayeen;
				TargetAttributes = {
					C8A6BA191FF64DBF001F967A = {
						CreatedOnToolsVersion = 8.3.1;
						ProvisioningStyle = Automatic;
					};
				};
			};
			buildConfigurationList = C8A6BA151FF64DBF001F967A /* Build configuration list for PBXProject "PitchPerfect" */;
			compatibilityVersion = "Xcode 3.2";
			developmentRegion = English;
			hasScannedForEncodings = 0;
			knownRegions = (
				en,
				Base,
			);
			mainGroup = C8A6BA111FF64DBF001F967A;
			productRefGroup = C8A6BA1B1FF64DBF001F967A /* Products */;
			projectDirPath = "";
			projectRoot = "";
			targets = (
				C8A6BA191FF64DBF001F967A /* PitchPerfect */,
			);
		};
/* End PBXProject section */

/* Begin PBXResourcesBuildPhase section */
		C8A6BA181FF64DBF001F967A /* Resources */ = {
			isa = PBXResourcesBuildPhase;
			buildActionMask = 2147483647;
			files = (
				C8A6BA281FF64DBF001F967A /* LaunchScreen.storyboard in Resources */,
				C8A6BA251FF64DBF001F967A /* Assets.xcassets in Resources */,
				C8A6BA231FF64DBF001F967A /* Main.storyboard in Resources */,
			);
			runOnlyForDeploymentPostprocessing = 0;
		};
/* End PBXResourcesBuildPhase section */

/* Begin PBXSourcesBuildPhase section */
		C8A6BA161FF64DBF001F967A /* Sources */ = {
			isa = PBXSourcesBuildPhase;
			buildActionMask = 2147483647;
			files = (
				C8A6BA201FF64DBF001F967A /* RecordSoundViewController.swift in Sources */,
				C8B7A0791FFA0AC5003BE889 /* PlaySoundViewController.swift in Sources */,
				C8A6BA1E1FF64DBF001F967A /* AppDelegate.swift in Sources */,
				C8B7A07B1FFA427A003BE889 /* PlaySoundExtension.swift in Sources */,
			);
			runOnlyForDeploymentPostprocessing = 0;
		};
/* End PBXSourcesBuildPhase section */

/* Begin PBXVariantGroup section */
		C8A6BA211FF64DBF001F967A /* Main.storyboard */ = {
			isa = PBXVariantGroup;
			children = (
				C8A6BA221FF64DBF001F967A /* Base */,
			);
			name = Main.storyboard;
			sourceTree = "<group>";
		};
		C8A6BA261FF64DBF001F967A /* LaunchScreen.storyboard */ = {
			isa = PBXVariantGroup;
			children = (
				C8A6BA271FF64DBF001F967A /* Base */,
			);
			name = LaunchScreen.storyboard;
			sourceTree = "<group>";
		};
/* End PBXVariantGroup section */

/* Begin XCBuildConfiguration section */
		C8A6BA2A1FF64DBF001F967A /* Debug */ = {
			isa = XCBuildConfiguration;
			buildSettings = {
				ALWAYS_SEARCH_USER_PATHS = NO;
				CLANG_ANALYZER_NONNULL = YES;
				CLANG_ANALYZER_NUMBER_OBJECT_CONVERSION = YES_AGGRESSIVE;
				CLANG_CXX_LANGUAGE_STANDARD = "gnu++0x";
				CLANG_CXX_LIBRARY = "libc++";
				CLANG_ENABLE_MODULES = YES;
				CLANG_ENABLE_OBJC_ARC = YES;
				CLANG_WARN_BOOL_CONVERSION = YES;
				CLANG_WARN_CONSTANT_CONVERSION = YES;
				CLANG_WARN_DIRECT_OBJC_ISA_USAGE = YES_ERROR;
				CLANG_WARN_DOCUMENTATION_COMMENTS = YES;
				CLANG_WARN_EMPTY_BODY = YES;
				CLANG_WARN_ENUM_CONVERSION = YES;
				CLANG_WARN_INFINITE_RECURSION = YES;
				CLANG_WARN_INT_CONVERSION = YES;
				CLANG_WARN_OBJC_ROOT_CLASS = YES_ERROR;
				CLANG_WARN_SUSPICIOUS_MOVE = YES;
				CLANG_WARN_UNREACHABLE_CODE = YES;
				CLANG_WARN__DUPLICATE_METHOD_MATCH = YES;
				"CODE_SIGN_IDENTITY[sdk=iphoneos*]" = "iPhone Developer";
				COPY_PHASE_STRIP = NO;
				DEBUG_INFORMATION_FORMAT = dwarf;
				ENABLE_STRICT_OBJC_MSGSEND = YES;
				ENABLE_TESTABILITY = YES;
				GCC_C_LANGUAGE_STANDARD = gnu99;
				GCC_DYNAMIC_NO_PIC = NO;
				GCC_NO_COMMON_BLOCKS = YES;
				GCC_OPTIMIZATION_LEVEL = 0;
				GCC_PREPROCESSOR_DEFINITIONS = (
					"DEBUG=1",
					"$(inherited)",
				);
				GCC_WARN_64_TO_32_BIT_CONVERSION = YES;
				GCC_WARN_ABOUT_RETURN_TYPE = YES_ERROR;
				GCC_WARN_UNDECLARED_SELECTOR = YES;
				GCC_WARN_UNINITIALIZED_AUTOS = YES_AGGRESSIVE;
				GCC_WARN_UNUSED_FUNCTION = YES;
				GCC_WARN_UNUSED_VARIABLE = YES;
				IPHONEOS_DEPLOYMENT_TARGET = 10.3;
				MTL_ENABLE_DEBUG_INFO = YES;
				ONLY_ACTIVE_ARCH = YES;
				SDKROOT = iphoneos;
				SWIFT_ACTIVE_COMPILATION_CONDITIONS = DEBUG;
				SWIFT_OPTIMIZATION_LEVEL = "-Onone";
				TARGETED_DEVICE_FAMILY = "1,2";
			};
			name = Debug;
		};
		C8A6BA2B1FF64DBF001F967A /* Release */ = {
			isa = XCBuildConfiguration;
			buildSettings = {
				ALWAYS_SEARCH_USER_PATHS = NO;
				CLANG_ANALYZER_NONNULL = YES;
				CLANG_ANALYZER_NUMBER_OBJECT_CONVERSION = YES_AGGRESSIVE;
				CLANG_CXX_LANGUAGE_STANDARD = "gnu++0x";
				CLANG_CXX_LIBRARY = "libc++";
				CLANG_ENABLE_MODULES = YES;
				CLANG_ENABLE_OBJC_ARC = YES;
				CLANG_WARN_BOOL_CONVERSION = YES;
				CLANG_WARN_CONSTANT_CONVERSION = YES;
				CLANG_WARN_DIRECT_OBJC_ISA_USAGE = YES_ERROR;
				CLANG_WARN_DOCUMENTATION_COMMENTS = YES;
				CLANG_WARN_EMPTY_BODY = YES;
				CLANG_WARN_ENUM_CONVERSION = YES;
				CLANG_WARN_INFINITE_RECURSION = YES;
				CLANG_WARN_INT_CONVERSION = YES;
				CLANG_WARN_OBJC_ROOT_CLASS = YES_ERROR;
				CLANG_WARN_SUSPICIOUS_MOVE = YES;
				CLANG_WARN_UNREACHABLE_CODE = YES;
				CLANG_WARN__DUPLICATE_METHOD_MATCH = YES;
				"CODE_SIGN_IDENTITY[sdk=iphoneos*]" = "iPhone Developer";
				COPY_PHASE_STRIP = NO;
				DEBUG_INFORMATION_FORMAT = "dwarf-with-dsym";
				ENABLE_NS_ASSERTIONS = NO;
				ENABLE_STRICT_OBJC_MSGSEND = YES;
				GCC_C_LANGUAGE_STANDARD = gnu99;
				GCC_NO_COMMON_BLOCKS = YES;
				GCC_WARN_64_TO_32_BIT_CONVERSION = YES;
				GCC_WARN_ABOUT_RETURN_TYPE = YES_ERROR;
				GCC_WARN_UNDECLARED_SELECTOR = YES;
				GCC_WARN_UNINITIALIZED_AUTOS = YES_AGGRESSIVE;
				GCC_WARN_UNUSED_FUNCTION = YES;
				GCC_WARN_UNUSED_VARIABLE = YES;
				IPHONEOS_DEPLOYMENT_TARGET = 10.3;
				MTL_ENABLE_DEBUG_INFO = NO;
				SDKROOT = iphoneos;
				SWIFT_OPTIMIZATION_LEVEL = "-Owholemodule";
				TARGETED_DEVICE_FAMILY = "1,2";
				VALIDATE_PRODUCT = YES;
			};
			name = Release;
		};
		C8A6BA2D1FF64DBF001F967A /* Debug */ = {
			isa = XCBuildConfiguration;
			buildSettings = {
				ASSETCATALOG_COMPILER_APPICON_NAME = AppIcon;
				INFOPLIST_FILE = PitchPerfect/Info.plist;
				LD_RUNPATH_SEARCH_PATHS = "$(inherited) @executable_path/Frameworks";
				PRODUCT_BUNDLE_IDENTIFIER = kawnayeen.cs193p.PitchPerfect;
				PRODUCT_NAME = "$(TARGET_NAME)";
				SWIFT_VERSION = 3.0;
			};
			name = Debug;
		};
		C8A6BA2E1FF64DBF001F967A /* Release */ = {
			isa = XCBuildConfiguration;
			buildSettings = {
				ASSETCATALOG_COMPILER_APPICON_NAME = AppIcon;
				INFOPLIST_FILE = PitchPerfect/Info.plist;
				LD_RUNPATH_SEARCH_PATHS = "$(inherited) @executable_path/Frameworks";
				PRODUCT_BUNDLE_IDENTIFIER = kawnayeen.cs193p.PitchPerfect;
				PRODUCT_NAME = "$(TARGET_NAME)";
				SWIFT_VERSION = 3.0;
			};
			name = Release;
		};
/* End XCBuildConfiguration section */

/* Begin XCConfigurationList section */
		C8A6BA151FF64DBF001F967A /* Build configuration list for PBXProject "PitchPerfect" */ = {
			isa = XCConfigurationList;
			buildConfigurations = (
				C8A6BA2A1FF64DBF001F967A /* Debug */,
				C8A6BA2B1FF64DBF001F967A /* Release */,
			);
			defaultConfigurationIsVisible = 0;
			defaultConfigurationName = Release;
		};
		C8A6BA2C1FF64DBF001F967A /* Build configuration list for PBXNativeTarget "PitchPerfect" */ = {
			isa = XCConfigurationList;
			buildConfigurations = (
				C8A6BA2D1FF64DBF001F967A /* Debug */,
				C8A6BA2E1FF64DBF001F967A /* Release */,
			);
			defaultConfigurationIsVisible = 0;
			defaultConfigurationName = Release;
		};
/* End XCConfigurationList section */
	};
	rootObject = C8A6BA121FF64DBF001F967A /* Project object */;
}
