// !$*UTF8*$!
{
	archiveVersion = 1;
	classes = {
	};
	objectVersion = 46;
	objects = {

/* Begin PBXBuildFile section */
		C83F1E6E2021CB1C0038836E /* AppDelegate.swift in Sources */ = {isa = PBXBuildFile; fileRef = C83F1E6D2021CB1C0038836E /* AppDelegate.swift */; };
		C83F1E702021CB1C0038836E /* ViewController.swift in Sources */ = {isa = PBXBuildFile; fileRef = C83F1E6F2021CB1C0038836E /* ViewController.swift */; };
		C83F1E732021CB1C0038836E /* Main.storyboard in Resources */ = {isa = PBXBuildFile; fileRef = C83F1E712021CB1C0038836E /* Main.storyboard */; };
		C83F1E752021CB1C0038836E /* Assets.xcassets in Resources */ = {isa = PBXBuildFile; fileRef = C83F1E742021CB1C0038836E /* Assets.xcassets */; };
		C83F1E782021CB1C0038836E /* LaunchScreen.storyboard in Resources */ = {isa = PBXBuildFile; fileRef = C83F1E762021CB1C0038836E /* LaunchScreen.storyboard */; };
/* End PBXBuildFile section */

/* Begin PBXFileReference section */
		C83F1E6A2021CB1C0038836E /* LoadImage.app */ = {isa = PBXFileReference; explicitFileType = wrapper.application; includeInIndex = 0; path = LoadImage.app; sourceTree = BUILT_PRODUCTS_DIR; };
		C83F1E6D2021CB1C0038836E /* AppDelegate.swift */ = {isa = PBXFileReference; lastKnownFileType = sourcecode.swift; path = AppDelegate.swift; sourceTree = "<group>"; };
		C83F1E6F2021CB1C0038836E /* ViewController.swift */ = {isa = PBXFileReference; lastKnownFileType = sourcecode.swift; path = ViewController.swift; sourceTree = "<group>"; };
		C83F1E722021CB1C0038836E /* Base */ = {isa = PBXFileReference; lastKnownFileType = file.storyboard; name = Base; path = Base.lproj/Main.storyboard; sourceTree = "<group>"; };
		C83F1E742021CB1C0038836E /* Assets.xcassets */ = {isa = PBXFileReference; lastKnownFileType = folder.assetcatalog; path = Assets.xcassets; sourceTree = "<group>"; };
		C83F1E772021CB1C0038836E /* Base */ = {isa = PBXFileReference; lastKnownFileType = file.storyboard; name = Base; path = Base.lproj/LaunchScreen.storyboard; sourceTree = "<group>"; };
		C83F1E792021CB1C0038836E /* Info.plist */ = {isa = PBXFileReference; lastKnownFileType = text.plist.xml; path = Info.plist; sourceTree = "<group>"; };
/* End PBXFileReference section */

/* Begin PBXFrameworksBuildPhase section */
		C83F1E672021CB1C0038836E /* Frameworks */ = {
			isa = PBXFrameworksBuildPhase;
			buildActionMask = 2147483647;
			files = (
			);
			runOnlyForDeploymentPostprocessing = 0;
		};
/* End PBXFrameworksBuildPhase section */

/* Begin PBXGroup section */
		C83F1E612021CB1C0038836E = {
			isa = PBXGroup;
			children = (
				C83F1E6C2021CB1C0038836E /* LoadImage */,
				C83F1E6B2021CB1C0038836E /* Products */,
			);
			sourceTree = "<group>";
		};
		C83F1E6B2021CB1C0038836E /* Products */ = {
			isa = PBXGroup;
			children = (
				C83F1E6A2021CB1C0038836E /* LoadImage.app */,
			);
			name = Products;
			sourceTree = "<group>";
		};
		C83F1E6C2021CB1C0038836E /* LoadImage */ = {
			isa = PBXGroup;
			children = (
				C83F1E6D2021CB1C0038836E /* AppDelegate.swift */,
				C83F1E6F2021CB1C0038836E /* ViewController.swift */,
				C83F1E712021CB1C0038836E /* Main.storyboard */,
				C83F1E742021CB1C0038836E /* Assets.xcassets */,
				C83F1E762021CB1C0038836E /* LaunchScreen.storyboard */,
				C83F1E792021CB1C0038836E /* Info.plist */,
			);
			path = LoadImage;
			sourceTree = "<group>";
		};
/* End PBXGroup section */

/* Begin PBXNativeTarget section */
		C83F1E692021CB1C0038836E /* LoadImage */ = {
			isa = PBXNativeTarget;
			buildConfigurationList = C83F1E7C2021CB1C0038836E /* Build configuration list for PBXNativeTarget "LoadImage" */;
			buildPhases = (
				C83F1E662021CB1C0038836E /* Sources */,
				C83F1E672021CB1C0038836E /* Frameworks */,
				C83F1E682021CB1C0038836E /* Resources */,
			);
			buildRules = (
			);
			dependencies = (
			);
			name = LoadImage;
			productName = LoadImage;
			productReference = C83F1E6A2021CB1C0038836E /* LoadImage.app */;
			productType = "com.apple.product-type.application";
		};
/* End PBXNativeTarget section */

/* Begin PBXProject section */
		C83F1E622021CB1C0038836E /* Project object */ = {
			isa = PBXProject;
			attributes = {
				LastSwiftUpdateCheck = 0830;
				LastUpgradeCheck = 0830;
				ORGANIZATIONNAME = Kawnayeen;
				TargetAttributes = {
					C83F1E692021CB1C0038836E = {
						CreatedOnToolsVersion = 8.3.1;
						ProvisioningStyle = Automatic;
					};
				};
			};
			buildConfigurationList = C83F1E652021CB1C0038836E /* Build configuration list for PBXProject "LoadImage" */;
			compatibilityVersion = "Xcode 3.2";
			developmentRegion = English;
			hasScannedForEncodings = 0;
			knownRegions = (
				en,
				Base,
			);
			mainGroup = C83F1E612021CB1C0038836E;
			productRefGroup = C83F1E6B2021CB1C0038836E /* Products */;
			projectDirPath = "";
			projectRoot = "";
			targets = (
				C83F1E692021CB1C0038836E /* LoadImage */,
			);
		};
/* End PBXProject section */

/* Begin PBXResourcesBuildPhase section */
		C83F1E682021CB1C0038836E /* Resources */ = {
			isa = PBXResourcesBuildPhase;
			buildActionMask = 2147483647;
			files = (
				C83F1E782021CB1C0038836E /* LaunchScreen.storyboard in Resources */,
				C83F1E752021CB1C0038836E /* Assets.xcassets in Resources */,
				C83F1E732021CB1C0038836E /* Main.storyboard in Resources */,
			);
			runOnlyForDeploymentPostprocessing = 0;
		};
/* End PBXResourcesBuildPhase section */

/* Begin PBXSourcesBuildPhase section */
		C83F1E662021CB1C0038836E /* Sources */ = {
			isa = PBXSourcesBuildPhase;
			buildActionMask = 2147483647;
			files = (
				C83F1E702021CB1C0038836E /* ViewController.swift in Sources */,
				C83F1E6E2021CB1C0038836E /* AppDelegate.swift in Sources */,
			);
			runOnlyForDeploymentPostprocessing = 0;
		};
/* End PBXSourcesBuildPhase section */

/* Begin PBXVariantGroup section */
		C83F1E712021CB1C0038836E /* Main.storyboard */ = {
			isa = PBXVariantGroup;
			children = (
				C83F1E722021CB1C0038836E /* Base */,
			);
			name = Main.storyboard;
			sourceTree = "<group>";
		};
		C83F1E762021CB1C0038836E /* LaunchScreen.storyboard */ = {
			isa = PBXVariantGroup;
			children = (
				C83F1E772021CB1C0038836E /* Base */,
			);
			name = LaunchScreen.storyboard;
			sourceTree = "<group>";
		};
/* End PBXVariantGroup section */

/* Begin XCBuildConfiguration section */
		C83F1E7A2021CB1C0038836E /* Debug */ = {
			isa = XCBuildConfiguration;
			buildSettings = {
				ALWAYS_SEARCH_USER_PATHS = NO;
				CLANG_ANALYZER_NONNULL = YES;
				CLANG_ANALYZER_NUMBER_OBJECT_CONVERSION = YES_AGGRESSIVE;
				CLANG_CXX_LANGUAGE_STANDARD = "gnu++0x";
				CLANG_CXX_LIBRARY = "libc++";
				CLANG_ENABLE_MODULES = YES;
				CLANG_ENABLE_OBJC_ARC = YES;
				CLANG_WARN_BOOL_CONVERSION = YES;
				CLANG_WARN_CONSTANT_CONVERSION = YES;
				CLANG_WARN_DIRECT_OBJC_ISA_USAGE = YES_ERROR;
				CLANG_WARN_DOCUMENTATION_COMMENTS = YES;
				CLANG_WARN_EMPTY_BODY = YES;
				CLANG_WARN_ENUM_CONVERSION = YES;
				CLANG_WARN_INFINITE_RECURSION = YES;
				CLANG_WARN_INT_CONVERSION = YES;
				CLANG_WARN_OBJC_ROOT_CLASS = YES_ERROR;
				CLANG_WARN_SUSPICIOUS_MOVE = YES;
				CLANG_WARN_UNREACHABLE_CODE = YES;
				CLANG_WARN__DUPLICATE_METHOD_MATCH = YES;
				"CODE_SIGN_IDENTITY[sdk=iphoneos*]" = "iPhone Developer";
				COPY_PHASE_STRIP = NO;
				DEBUG_INFORMATION_FORMAT = dwarf;
				ENABLE_STRICT_OBJC_MSGSEND = YES;
				ENABLE_TESTABILITY = YES;
				GCC_C_LANGUAGE_STANDARD = gnu99;
				GCC_DYNAMIC_NO_PIC = NO;
				GCC_NO_COMMON_BLOCKS = YES;
				GCC_OPTIMIZATION_LEVEL = 0;
				GCC_PREPROCESSOR_DEFINITIONS = (
					"DEBUG=1",
					"$(inherited)",
				);
				GCC_WARN_64_TO_32_BIT_CONVERSION = YES;
				GCC_WARN_ABOUT_RETURN_TYPE = YES_ERROR;
				GCC_WARN_UNDECLARED_SELECTOR = YES;
				GCC_WARN_UNINITIALIZED_AUTOS = YES_AGGRESSIVE;
				GCC_WARN_UNUSED_FUNCTION = YES;
				GCC_WARN_UNUSED_VARIABLE = YES;
				IPHONEOS_DEPLOYMENT_TARGET = 10.3;
				MTL_ENABLE_DEBUG_INFO = YES;
				ONLY_ACTIVE_ARCH = YES;
				SDKROOT = iphoneos;
				SWIFT_ACTIVE_COMPILATION_CONDITIONS = DEBUG;
				SWIFT_OPTIMIZATION_LEVEL = "-Onone";
			};
			name = Debug;
		};
		C83F1E7B2021CB1C0038836E /* Release */ = {
			isa = XCBuildConfiguration;
			buildSettings = {
				ALWAYS_SEARCH_USER_PATHS = NO;
				CLANG_ANALYZER_NONNULL = YES;
				CLANG_ANALYZER_NUMBER_OBJECT_CONVERSION = YES_AGGRESSIVE;
				CLANG_CXX_LANGUAGE_STANDARD = "gnu++0x";
				CLANG_CXX_LIBRARY = "libc++";
				CLANG_ENABLE_MODULES = YES;
				CLANG_ENABLE_OBJC_ARC = YES;
				CLANG_WARN_BOOL_CONVERSION = YES;
				CLANG_WARN_CONSTANT_CONVERSION = YES;
				CLANG_WARN_DIRECT_OBJC_ISA_USAGE = YES_ERROR;
				CLANG_WARN_DOCUMENTATION_COMMENTS = YES;
				CLANG_WARN_EMPTY_BODY = YES;
				CLANG_WARN_ENUM_CONVERSION = YES;
				CLANG_WARN_INFINITE_RECURSION = YES;
				CLANG_WARN_INT_CONVERSION = YES;
				CLANG_WARN_OBJC_ROOT_CLASS = YES_ERROR;
				CLANG_WARN_SUSPICIOUS_MOVE = YES;
				CLANG_WARN_UNREACHABLE_CODE = YES;
				CLANG_WARN__DUPLICATE_METHOD_MATCH = YES;
				"CODE_SIGN_IDENTITY[sdk=iphoneos*]" = "iPhone Developer";
				COPY_PHASE_STRIP = NO;
				DEBUG_INFORMATION_FORMAT = "dwarf-with-dsym";
				ENABLE_NS_ASSERTIONS = NO;
				ENABLE_STRICT_OBJC_MSGSEND = YES;
				GCC_C_LANGUAGE_STANDARD = gnu99;
				GCC_NO_COMMON_BLOCKS = YES;
				GCC_WARN_64_TO_32_BIT_CONVERSION = YES;
				GCC_WARN_ABOUT_RETURN_TYPE = YES_ERROR;
				GCC_WARN_UNDECLARED_SELECTOR = YES;
				GCC_WARN_UNINITIALIZED_AUTOS = YES_AGGRESSIVE;
				GCC_WARN_UNUSED_FUNCTION = YES;
				GCC_WARN_UNUSED_VARIABLE = YES;
				IPHONEOS_DEPLOYMENT_TARGET = 10.3;
				MTL_ENABLE_DEBUG_INFO = NO;
				SDKROOT = iphoneos;
				SWIFT_OPTIMIZATION_LEVEL = "-Owholemodule";
				VALIDATE_PRODUCT = YES;
			};
			name = Release;
		};
		C83F1E7D2021CB1C0038836E /* Debug */ = {
			isa = XCBuildConfiguration;
			buildSettings = {
				ASSETCATALOG_COMPILER_APPICON_NAME = AppIcon;
				INFOPLIST_FILE = LoadImage/Info.plist;
				LD_RUNPATH_SEARCH_PATHS = "$(inherited) @executable_path/Frameworks";
				PRODUCT_BUNDLE_IDENTIFIER = kawnayeen.cs193p.LoadImage;
				PRODUCT_NAME = "$(TARGET_NAME)";
				SWIFT_VERSION = 3.0;
			};
			name = Debug;
		};
		C83F1E7E2021CB1C0038836E /* Release */ = {
			isa = XCBuildConfiguration;
			buildSettings = {
				ASSETCATALOG_COMPILER_APPICON_NAME = AppIcon;
				INFOPLIST_FILE = LoadImage/Info.plist;
				LD_RUNPATH_SEARCH_PATHS = "$(inherited) @executable_path/Frameworks";
				PRODUCT_BUNDLE_IDENTIFIER = kawnayeen.cs193p.LoadImage;
				PRODUCT_NAME = "$(TARGET_NAME)";
				SWIFT_VERSION = 3.0;
			};
			name = Release;
		};
/* End XCBuildConfiguration section */

/* Begin XCConfigurationList section */
		C83F1E652021CB1C0038836E /* Build configuration list for PBXProject "LoadImage" */ = {
			isa = XCConfigurationList;
			buildConfigurations = (
				C83F1E7A2021CB1C0038836E /* Debug */,
				C83F1E7B2021CB1C0038836E /* Release */,
			);
			defaultConfigurationIsVisible = 0;
			defaultConfigurationName = Release;
		};
		C83F1E7C2021CB1C0038836E /* Build configuration list for PBXNativeTarget "LoadImage" */ = {
			isa = XCConfigurationList;
			buildConfigurations = (
				C83F1E7D2021CB1C0038836E /* Debug */,
				C83F1E7E2021CB1C0038836E /* Release */,
			);
			defaultConfigurationIsVisible = 0;
		};
/* End XCConfigurationList section */
	};
	rootObject = C83F1E622021CB1C0038836E /* Project object */;
}
