// !$*UTF8*$!
{
	archiveVersion = 1;
	classes = {
	};
	objectVersion = 46;
	objects = {

/* Begin PBXBuildFile section */
		C843F05520047D6700AF3AB9 /* ColorizeTextField.swift in Sources */ = {isa = PBXBuildFile; fileRef = C843F05420047D6700AF3AB9 /* ColorizeTextField.swift */; };
		C8FF40DC1FFF41A30036F46E /* AppDelegate.swift in Sources */ = {isa = PBXBuildFile; fileRef = C8FF40DB1FFF41A30036F46E /* AppDelegate.swift */; };
		C8FF40DE1FFF41A30036F46E /* ViewController.swift in Sources */ = {isa = PBXBuildFile; fileRef = C8FF40DD1FFF41A30036F46E /* ViewController.swift */; };
		C8FF40E11FFF41A30036F46E /* Main.storyboard in Resources */ = {isa = PBXBuildFile; fileRef = C8FF40DF1FFF41A30036F46E /* Main.storyboard */; };
		C8FF40E31FFF41A30036F46E /* Assets.xcassets in Resources */ = {isa = PBXBuildFile; fileRef = C8FF40E21FFF41A30036F46E /* Assets.xcassets */; };
		C8FF40E61FFF41A30036F46E /* LaunchScreen.storyboard in Resources */ = {isa = PBXBuildFile; fileRef = C8FF40E41FFF41A30036F46E /* LaunchScreen.storyboard */; };
/* End PBXBuildFile section */

/* Begin PBXFileReference section */
		C843F05420047D6700AF3AB9 /* ColorizeTextField.swift */ = {isa = PBXFileReference; fileEncoding = 4; lastKnownFileType = sourcecode.swift; path = ColorizeTextField.swift; sourceTree = "<group>"; };
		C8FF40D81FFF41A30036F46E /* TextFieldDelegates.app */ = {isa = PBXFileReference; explicitFileType = wrapper.application; includeInIndex = 0; path = TextFieldDelegates.app; sourceTree = BUILT_PRODUCTS_DIR; };
		C8FF40DB1FFF41A30036F46E /* AppDelegate.swift */ = {isa = PBXFileReference; lastKnownFileType = sourcecode.swift; path = AppDelegate.swift; sourceTree = "<group>"; };
		C8FF40DD1FFF41A30036F46E /* ViewController.swift */ = {isa = PBXFileReference; lastKnownFileType = sourcecode.swift; path = ViewController.swift; sourceTree = "<group>"; };
		C8FF40E01FFF41A30036F46E /* Base */ = {isa = PBXFileReference; lastKnownFileType = file.storyboard; name = Base; path = Base.lproj/Main.storyboard; sourceTree = "<group>"; };
		C8FF40E21FFF41A30036F46E /* Assets.xcassets */ = {isa = PBXFileReference; lastKnownFileType = folder.assetcatalog; path = Assets.xcassets; sourceTree = "<group>"; };
		C8FF40E51FFF41A30036F46E /* Base */ = {isa = PBXFileReference; lastKnownFileType = file.storyboard; name = Base; path = Base.lproj/LaunchScreen.storyboard; sourceTree = "<group>"; };
		C8FF40E71FFF41A30036F46E /* Info.plist */ = {isa = PBXFileReference; lastKnownFileType = text.plist.xml; path = Info.plist; sourceTree = "<group>"; };
/* End PBXFileReference section */

/* Begin PBXFrameworksBuildPhase section */
		C8FF40D51FFF41A30036F46E /* Frameworks */ = {
			isa = PBXFrameworksBuildPhase;
			buildActionMask = 2147483647;
			files = (
			);
			runOnlyForDeploymentPostprocessing = 0;
		};
/* End PBXFrameworksBuildPhase section */

/* Begin PBXGroup section */
		C8FF40CF1FFF41A30036F46E = {
			isa = PBXGroup;
			children = (
				C8FF40DA1FFF41A30036F46E /* TextFieldDelegates */,
				C8FF40D91FFF41A30036F46E /* Products */,
			);
			sourceTree = "<group>";
		};
		C8FF40D91FFF41A30036F46E /* Products */ = {
			isa = PBXGroup;
			children = (
				C8FF40D81FFF41A30036F46E /* TextFieldDelegates.app */,
			);
			name = Products;
			sourceTree = "<group>";
		};
		C8FF40DA1FFF41A30036F46E /* TextFieldDelegates */ = {
			isa = PBXGroup;
			children = (
				C8FF40DB1FFF41A30036F46E /* AppDelegate.swift */,
				C8FF40DD1FFF41A30036F46E /* ViewController.swift */,
				C8FF40DF1FFF41A30036F46E /* Main.storyboard */,
				C8FF40E21FFF41A30036F46E /* Assets.xcassets */,
				C8FF40E41FFF41A30036F46E /* LaunchScreen.storyboard */,
				C8FF40E71FFF41A30036F46E /* Info.plist */,
				C843F05420047D6700AF3AB9 /* ColorizeTextField.swift */,
			);
			path = TextFieldDelegates;
			sourceTree = "<group>";
		};
/* End PBXGroup section */

/* Begin PBXNativeTarget section */
		C8FF40D71FFF41A30036F46E /* TextFieldDelegates */ = {
			isa = PBXNativeTarget;
			buildConfigurationList = C8FF40EA1FFF41A30036F46E /* Build configuration list for PBXNativeTarget "TextFieldDelegates" */;
			buildPhases = (
				C8FF40D41FFF41A30036F46E /* Sources */,
				C8FF40D51FFF41A30036F46E /* Frameworks */,
				C8FF40D61FFF41A30036F46E /* Resources */,
			);
			buildRules = (
			);
			dependencies = (
			);
			name = TextFieldDelegates;
			productName = TextFieldDelegates;
			productReference = C8FF40D81FFF41A30036F46E /* TextFieldDelegates.app */;
			productType = "com.apple.product-type.application";
		};
/* End PBXNativeTarget section */

/* Begin PBXProject section */
		C8FF40D01FFF41A30036F46E /* Project object */ = {
			isa = PBXProject;
			attributes = {
				LastSwiftUpdateCheck = 0830;
				LastUpgradeCheck = 0830;
				ORGANIZATIONNAME = Kawnayeen;
				TargetAttributes = {
					C8FF40D71FFF41A30036F46E = {
						CreatedOnToolsVersion = 8.3.1;
						ProvisioningStyle = Automatic;
					};
				};
			};
			buildConfigurationList = C8FF40D31FFF41A30036F46E /* Build configuration list for PBXProject "TextFieldDelegates" */;
			compatibilityVersion = "Xcode 3.2";
			developmentRegion = English;
			hasScannedForEncodings = 0;
			knownRegions = (
				en,
				Base,
			);
			mainGroup = C8FF40CF1FFF41A30036F46E;
			productRefGroup = C8FF40D91FFF41A30036F46E /* Products */;
			projectDirPath = "";
			projectRoot = "";
			targets = (
				C8FF40D71FFF41A30036F46E /* TextFieldDelegates */,
			);
		};
/* End PBXProject section */

/* Begin PBXResourcesBuildPhase section */
		C8FF40D61FFF41A30036F46E /* Resources */ = {
			isa = PBXResourcesBuildPhase;
			buildActionMask = 2147483647;
			files = (
				C8FF40E61FFF41A30036F46E /* LaunchScreen.storyboard in Resources */,
				C8FF40E31FFF41A30036F46E /* Assets.xcassets in Resources */,
				C8FF40E11FFF41A30036F46E /* Main.storyboard in Resources */,
			);
			runOnlyForDeploymentPostprocessing = 0;
		};
/* End PBXResourcesBuildPhase section */

/* Begin PBXSourcesBuildPhase section */
		C8FF40D41FFF41A30036F46E /* Sources */ = {
			isa = PBXSourcesBuildPhase;
			buildActionMask = 2147483647;
			files = (
				C8FF40DE1FFF41A30036F46E /* ViewController.swift in Sources */,
				C8FF40DC1FFF41A30036F46E /* AppDelegate.swift in Sources */,
				C843F05520047D6700AF3AB9 /* ColorizeTextField.swift in Sources */,
			);
			runOnlyForDeploymentPostprocessing = 0;
		};
/* End PBXSourcesBuildPhase section */

/* Begin PBXVariantGroup section */
		C8FF40DF1FFF41A30036F46E /* Main.storyboard */ = {
			isa = PBXVariantGroup;
			children = (
				C8FF40E01FFF41A30036F46E /* Base */,
			);
			name = Main.storyboard;
			sourceTree = "<group>";
		};
		C8FF40E41FFF41A30036F46E /* LaunchScreen.storyboard */ = {
			isa = PBXVariantGroup;
			children = (
				C8FF40E51FFF41A30036F46E /* Base */,
			);
			name = LaunchScreen.storyboard;
			sourceTree = "<group>";
		};
/* End PBXVariantGroup section */

/* Begin XCBuildConfiguration section */
		C8FF40E81FFF41A30036F46E /* Debug */ = {
			isa = XCBuildConfiguration;
			buildSettings = {
				ALWAYS_SEARCH_USER_PATHS = NO;
				CLANG_ANALYZER_NONNULL = YES;
				CLANG_ANALYZER_NUMBER_OBJECT_CONVERSION = YES_AGGRESSIVE;
				CLANG_CXX_LANGUAGE_STANDARD = "gnu++0x";
				CLANG_CXX_LIBRARY = "libc++";
				CLANG_ENABLE_MODULES = YES;
				CLANG_ENABLE_OBJC_ARC = YES;
				CLANG_WARN_BOOL_CONVERSION = YES;
				CLANG_WARN_CONSTANT_CONVERSION = YES;
				CLANG_WARN_DIRECT_OBJC_ISA_USAGE = YES_ERROR;
				CLANG_WARN_DOCUMENTATION_COMMENTS = YES;
				CLANG_WARN_EMPTY_BODY = YES;
				CLANG_WARN_ENUM_CONVERSION = YES;
				CLANG_WARN_INFINITE_RECURSION = YES;
				CLANG_WARN_INT_CONVERSION = YES;
				CLANG_WARN_OBJC_ROOT_CLASS = YES_ERROR;
				CLANG_WARN_SUSPICIOUS_MOVE = YES;
				CLANG_WARN_UNREACHABLE_CODE = YES;
				CLANG_WARN__DUPLICATE_METHOD_MATCH = YES;
				"CODE_SIGN_IDENTITY[sdk=iphoneos*]" = "iPhone Developer";
				COPY_PHASE_STRIP = NO;
				DEBUG_INFORMATION_FORMAT = dwarf;
				ENABLE_STRICT_OBJC_MSGSEND = YES;
				ENABLE_TESTABILITY = YES;
				GCC_C_LANGUAGE_STANDARD = gnu99;
				GCC_DYNAMIC_NO_PIC = NO;
				GCC_NO_COMMON_BLOCKS = YES;
				GCC_OPTIMIZATION_LEVEL = 0;
				GCC_PREPROCESSOR_DEFINITIONS = (
					"DEBUG=1",
					"$(inherited)",
				);
				GCC_WARN_64_TO_32_BIT_CONVERSION = YES;
				GCC_WARN_ABOUT_RETURN_TYPE = YES_ERROR;
				GCC_WARN_UNDECLARED_SELECTOR = YES;
				GCC_WARN_UNINITIALIZED_AUTOS = YES_AGGRESSIVE;
				GCC_WARN_UNUSED_FUNCTION = YES;
				GCC_WARN_UNUSED_VARIABLE = YES;
				IPHONEOS_DEPLOYMENT_TARGET = 10.3;
				MTL_ENABLE_DEBUG_INFO = YES;
				ONLY_ACTIVE_ARCH = YES;
				SDKROOT = iphoneos;
				SWIFT_ACTIVE_COMPILATION_CONDITIONS = DEBUG;
				SWIFT_OPTIMIZATION_LEVEL = "-Onone";
				TARGETED_DEVICE_FAMILY = "1,2";
			};
			name = Debug;
		};
		C8FF40E91FFF41A30036F46E /* Release */ = {
			isa = XCBuildConfiguration;
			buildSettings = {
				ALWAYS_SEARCH_USER_PATHS = NO;
				CLANG_ANALYZER_NONNULL = YES;
				CLANG_ANALYZER_NUMBER_OBJECT_CONVERSION = YES_AGGRESSIVE;
				CLANG_CXX_LANGUAGE_STANDARD = "gnu++0x";
				CLANG_CXX_LIBRARY = "libc++";
				CLANG_ENABLE_MODULES = YES;
				CLANG_ENABLE_OBJC_ARC = YES;
				CLANG_WARN_BOOL_CONVERSION = YES;
				CLANG_WARN_CONSTANT_CONVERSION = YES;
				CLANG_WARN_DIRECT_OBJC_ISA_USAGE = YES_ERROR;
				CLANG_WARN_DOCUMENTATION_COMMENTS = YES;
				CLANG_WARN_EMPTY_BODY = YES;
				CLANG_WARN_ENUM_CONVERSION = YES;
				CLANG_WARN_INFINITE_RECURSION = YES;
				CLANG_WARN_INT_CONVERSION = YES;
				CLANG_WARN_OBJC_ROOT_CLASS = YES_ERROR;
				CLANG_WARN_SUSPICIOUS_MOVE = YES;
				CLANG_WARN_UNREACHABLE_CODE = YES;
				CLANG_WARN__DUPLICATE_METHOD_MATCH = YES;
				"CODE_SIGN_IDENTITY[sdk=iphoneos*]" = "iPhone Developer";
				COPY_PHASE_STRIP = NO;
				DEBUG_INFORMATION_FORMAT = "dwarf-with-dsym";
				ENABLE_NS_ASSERTIONS = NO;
				ENABLE_STRICT_OBJC_MSGSEND = YES;
				GCC_C_LANGUAGE_STANDARD = gnu99;
				GCC_NO_COMMON_BLOCKS = YES;
				GCC_WARN_64_TO_32_BIT_CONVERSION = YES;
				GCC_WARN_ABOUT_RETURN_TYPE = YES_ERROR;
				GCC_WARN_UNDECLARED_SELECTOR = YES;
				GCC_WARN_UNINITIALIZED_AUTOS = YES_AGGRESSIVE;
				GCC_WARN_UNUSED_FUNCTION = YES;
				GCC_WARN_UNUSED_VARIABLE = YES;
				IPHONEOS_DEPLOYMENT_TARGET = 10.3;
				MTL_ENABLE_DEBUG_INFO = NO;
				SDKROOT = iphoneos;
				SWIFT_OPTIMIZATION_LEVEL = "-Owholemodule";
				TARGETED_DEVICE_FAMILY = "1,2";
				VALIDATE_PRODUCT = YES;
			};
			name = Release;
		};
		C8FF40EB1FFF41A30036F46E /* Debug */ = {
			isa = XCBuildConfiguration;
			buildSettings = {
				ASSETCATALOG_COMPILER_APPICON_NAME = AppIcon;
				INFOPLIST_FILE = TextFieldDelegates/Info.plist;
				LD_RUNPATH_SEARCH_PATHS = "$(inherited) @executable_path/Frameworks";
				PRODUCT_BUNDLE_IDENTIFIER = kawnayeen.cs193p.TextFieldDelegates;
				PRODUCT_NAME = "$(TARGET_NAME)";
				SWIFT_VERSION = 3.0;
			};
			name = Debug;
		};
		C8FF40EC1FFF41A30036F46E /* Release */ = {
			isa = XCBuildConfiguration;
			buildSettings = {
				ASSETCATALOG_COMPILER_APPICON_NAME = AppIcon;
				INFOPLIST_FILE = TextFieldDelegates/Info.plist;
				LD_RUNPATH_SEARCH_PATHS = "$(inherited) @executable_path/Frameworks";
				PRODUCT_BUNDLE_IDENTIFIER = kawnayeen.cs193p.TextFieldDelegates;
				PRODUCT_NAME = "$(TARGET_NAME)";
				SWIFT_VERSION = 3.0;
			};
			name = Release;
		};
/* End XCBuildConfiguration section */

/* Begin XCConfigurationList section */
		C8FF40D31FFF41A30036F46E /* Build configuration list for PBXProject "TextFieldDelegates" */ = {
			isa = XCConfigurationList;
			buildConfigurations = (
				C8FF40E81FFF41A30036F46E /* Debug */,
				C8FF40E91FFF41A30036F46E /* Release */,
			);
			defaultConfigurationIsVisible = 0;
			defaultConfigurationName = Release;
		};
		C8FF40EA1FFF41A30036F46E /* Build configuration list for PBXNativeTarget "TextFieldDelegates" */ = {
			isa = XCConfigurationList;
			buildConfigurations = (
				C8FF40EB1FFF41A30036F46E /* Debug */,
				C8FF40EC1FFF41A30036F46E /* Release */,
			);
			defaultConfigurationIsVisible = 0;
			defaultConfigurationName = Release;
		};
/* End XCConfigurationList section */
	};
	rootObject = C8FF40D01FFF41A30036F46E /* Project object */;
}
